
Microsoft Visual Studio Solution File, Format Version 12.00
# Visual Studio Version 16
VisualStudioVersion = 16.0.31729.503
MinimumVisualStudioVersion = 10.0.40219.1
Project("{FAE04EC0-301F-11D3-BF4B-00C04F79EFBC}") = "Fodboldklubben FC", "Fodboldklubben FC.csproj", "{B09C0976-F928-44D3-B313-9F291CE922EA}"
EndProject
Global
	GlobalSection(SolutionConfigurationPlatforms) = preSolution
		Debug|Any CPU = Debug|Any CPU
		Release|Any CPU = Release|Any CPU
	EndGlobalSection
	GlobalSection(ProjectConfigurationPlatforms) = postSolution
		{B09C0976-F928-44D3-B313-9F291CE922EA}.Debug|Any CPU.ActiveCfg = Debug|Any CPU
		{B09C0976-F928-44D3-B313-9F291CE922EA}.Debug|Any CPU.Build.0 = Debug|Any CPU
		{B09C0976-F928-44D3-B313-9F291CE922EA}.Release|Any CPU.ActiveCfg = Release|Any CPU
		{B09C0976-F928-44D3-B313-9F291CE922EA}.Release|Any CPU.Build.0 = Release|Any CPU
	EndGlobalSection
	GlobalSection(SolutionProperties) = preSolution
		HideSolutionNode = FALSE
	EndGlobalSection
	GlobalSection(ExtensibilityGlobals) = postSolution
		SolutionGuid = {8325168A-35A9-44AA-8628-039F304EB925}
	EndGlobalSection
EndGlobal
